
Microsoft Visual Studio Solution File, Format Version 12.00
# Visual Studio Version 17
VisualStudioVersion = 17.3.32708.82
MinimumVisualStudioVersion = 10.0.40219.1
Project("{FAE04EC0-301F-11D3-BF4B-00C04F79EFBC}") = "marching squares", "marching squres\marching squares.csproj", "{28500CFB-77A3-4253-948A-C60FC4F11057}"
EndProject
Global
	GlobalSection(SolutionConfigurationPlatforms) = preSolution
		Debug|Any CPU = Debug|Any CPU
		Release|Any CPU = Release|Any CPU
	EndGlobalSection
	GlobalSection(ProjectConfigurationPlatforms) = postSolution
		{28500CFB-77A3-4253-948A-C60FC4F11057}.Debug|Any CPU.ActiveCfg = Debug|Any CPU
		{28500CFB-77A3-4253-948A-C60FC4F11057}.Debug|Any CPU.Build.0 = Debug|Any CPU
		{28500CFB-77A3-4253-948A-C60FC4F11057}.Release|Any CPU.ActiveCfg = Release|Any CPU
		{28500CFB-77A3-4253-948A-C60FC4F11057}.Release|Any CPU.Build.0 = Release|Any CPU
	EndGlobalSection
	GlobalSection(SolutionProperties) = preSolution
		HideSolutionNode = FALSE
	EndGlobalSection
	GlobalSection(ExtensibilityGlobals) = postSolution
		SolutionGuid = {BBB93FD4-B47A-4443-A9A7-68EB47B70867}
	EndGlobalSection
EndGlobal
